{
    "version": 3,
    "terraform_version": "0.7.4",
    "serial": 5,
    "lineage": "fddd113e-b94e-4981-9280-1805b185f3d9",
    "modules": [
        {
            "path": [
                "root"
            ],
            "outputs": {
                "reveluxlabs_site_url": {
                    "sensitive": false,
                    "type": "string",
                    "value": "http://reveluxlabs-site-273204270.us-east-1.elb.amazonaws.com:80"
                },
                "sittingapp_webapp_url": {
                    "sensitive": false,
                    "type": "string",
                    "value": "http://sittingapp-webapp-708694446.us-east-1.elb.amazonaws.com:80"
                },
                "smart_machines_site_url": {
                    "sensitive": false,
                    "type": "string",
                    "value": "http://smart-machines-site-242803649.us-east-1.elb.amazonaws.com:80"
                }
            },
            "resources": {
                "aws_autoscaling_group.ecs_cluster_instances": {
                    "type": "aws_autoscaling_group",
                    "depends_on": [
                        "aws_launch_configuration.ecs_instance"
                    ],
                    "primary": {
                        "id": "ecs-cluster-instances",
                        "attributes": {
                            "arn": "arn:aws:autoscaling:us-east-1:519885712119:autoScalingGroup:03ae0474-5f2f-46f4-9186-07c8c756b2af:autoScalingGroupName/ecs-cluster-instances",
                            "availability_zones.#": "3",
                            "availability_zones.3551460226": "us-east-1e",
                            "availability_zones.3569565595": "us-east-1a",
                            "availability_zones.986537655": "us-east-1c",
                            "default_cooldown": "300",
                            "desired_capacity": "5",
                            "force_delete": "false",
                            "health_check_grace_period": "300",
                            "health_check_type": "EC2",
                            "id": "ecs-cluster-instances",
                            "launch_configuration": "ecs-instance-20161002155614856045566h4e",
                            "load_balancers.#": "0",
                            "max_size": "5",
                            "metrics_granularity": "1Minute",
                            "min_size": "5",
                            "name": "ecs-cluster-instances",
                            "placement_group": "",
                            "protect_from_scale_in": "false",
                            "tag.#": "1",
                            "tag.353999154.key": "Name",
                            "tag.353999154.propagate_at_launch": "true",
                            "tag.353999154.value": "ecs-cluster-instances",
                            "target_group_arns.#": "0",
                            "termination_policies.#": "0",
                            "vpc_zone_identifier.#": "3",
                            "vpc_zone_identifier.3827345316": "subnet-d7c3dcfc",
                            "vpc_zone_identifier.4285492812": "subnet-2faa2d12",
                            "vpc_zone_identifier.520149563": "subnet-83fd10db",
                            "wait_for_capacity_timeout": "10m"
                        },
                        "meta": {},
                        "tainted": false
                    },
                    "deposed": [],
                    "provider": ""
                },
                "aws_ecs_cluster.reveluxlabs_ha_cluster": {
                    "type": "aws_ecs_cluster",
                    "depends_on": [],
                    "primary": {
                        "id": "arn:aws:ecs:us-east-1:519885712119:cluster/reveluxlabs_ha_cluster",
                        "attributes": {
                            "id": "arn:aws:ecs:us-east-1:519885712119:cluster/reveluxlabs_ha_cluster",
                            "name": "reveluxlabs_ha_cluster"
                        },
                        "meta": {},
                        "tainted": false
                    },
                    "deposed": [],
                    "provider": ""
                },
                "aws_ecs_service.reveluxlabs_site": {
                    "type": "aws_ecs_service",
                    "depends_on": [
                        "aws_ecs_cluster.reveluxlabs_ha_cluster",
                        "aws_ecs_task_definition.reveluxlabs_site",
                        "aws_elb.reveluxlabs_site",
                        "aws_iam_role.ecs_service_role",
                        "aws_iam_role_policy.ecs_service_policy"
                    ],
                    "primary": {
                        "id": "arn:aws:ecs:us-east-1:519885712119:service/reveluxlabs-site",
                        "attributes": {
                            "cluster": "arn:aws:ecs:us-east-1:519885712119:cluster/reveluxlabs_ha_cluster",
                            "deployment_maximum_percent": "200",
                            "deployment_minimum_healthy_percent": "50",
                            "desired_count": "2",
                            "iam_role": "arn:aws:iam::519885712119:role/ecs-service-role",
                            "id": "arn:aws:ecs:us-east-1:519885712119:service/reveluxlabs-site",
                            "load_balancer.#": "1",
                            "load_balancer.4238521372.container_name": "reveluxlabs-site",
                            "load_balancer.4238521372.container_port": "80",
                            "load_balancer.4238521372.elb_name": "reveluxlabs-site",
                            "load_balancer.4238521372.target_group_arn": "",
                            "name": "reveluxlabs-site",
                            "task_definition": "arn:aws:ecs:us-east-1:519885712119:task-definition/reveluxlabs-site:2"
                        },
                        "meta": {},
                        "tainted": false
                    },
                    "deposed": [],
                    "provider": ""
                },
                "aws_ecs_service.sittingapp_webapp": {
                    "type": "aws_ecs_service",
                    "depends_on": [
                        "aws_ecs_cluster.reveluxlabs_ha_cluster",
                        "aws_ecs_task_definition.sittingapp_webapp",
                        "aws_elb.sittingapp_webapp",
                        "aws_iam_role.ecs_service_role",
                        "aws_iam_role_policy.ecs_service_policy"
                    ],
                    "primary": {
                        "id": "arn:aws:ecs:us-east-1:519885712119:service/sittingapp-webapp",
                        "attributes": {
                            "cluster": "arn:aws:ecs:us-east-1:519885712119:cluster/reveluxlabs_ha_cluster",
                            "deployment_maximum_percent": "200",
                            "deployment_minimum_healthy_percent": "50",
                            "desired_count": "2",
                            "iam_role": "arn:aws:iam::519885712119:role/ecs-service-role",
                            "id": "arn:aws:ecs:us-east-1:519885712119:service/sittingapp-webapp",
                            "load_balancer.#": "1",
                            "load_balancer.2815803254.container_name": "sittingapp-webapp",
                            "load_balancer.2815803254.container_port": "80",
                            "load_balancer.2815803254.elb_name": "sittingapp-webapp",
                            "load_balancer.2815803254.target_group_arn": "",
                            "name": "sittingapp-webapp",
                            "task_definition": "arn:aws:ecs:us-east-1:519885712119:task-definition/sittingapp-webapp:2"
                        },
                        "meta": {},
                        "tainted": false
                    },
                    "deposed": [],
                    "provider": ""
                },
                "aws_ecs_service.smart_machines_site": {
                    "type": "aws_ecs_service",
                    "depends_on": [
                        "aws_ecs_cluster.reveluxlabs_ha_cluster",
                        "aws_ecs_task_definition.smart_machines_site",
                        "aws_elb.smart_machines_site",
                        "aws_iam_role.ecs_service_role",
                        "aws_iam_role_policy.ecs_service_policy"
                    ],
                    "primary": {
                        "id": "arn:aws:ecs:us-east-1:519885712119:service/smart-machines-site",
                        "attributes": {
                            "cluster": "arn:aws:ecs:us-east-1:519885712119:cluster/reveluxlabs_ha_cluster",
                            "deployment_maximum_percent": "200",
                            "deployment_minimum_healthy_percent": "50",
                            "desired_count": "2",
                            "iam_role": "arn:aws:iam::519885712119:role/ecs-service-role",
                            "id": "arn:aws:ecs:us-east-1:519885712119:service/smart-machines-site",
                            "load_balancer.#": "1",
                            "load_balancer.1201044126.container_name": "smart-machines-site",
                            "load_balancer.1201044126.container_port": "80",
                            "load_balancer.1201044126.elb_name": "smart-machines-site",
                            "load_balancer.1201044126.target_group_arn": "",
                            "name": "smart-machines-site",
                            "task_definition": "arn:aws:ecs:us-east-1:519885712119:task-definition/smart-machines-site:2"
                        },
                        "meta": {},
                        "tainted": false
                    },
                    "deposed": [],
                    "provider": ""
                },
                "aws_ecs_task_definition.reveluxlabs_site": {
                    "type": "aws_ecs_task_definition",
                    "depends_on": [],
                    "primary": {
                        "id": "reveluxlabs-site",
                        "attributes": {
                            "arn": "arn:aws:ecs:us-east-1:519885712119:task-definition/reveluxlabs-site:2",
                            "container_definitions": "2c9bdfd8649574287d9ce72ecaa02db78f49ec54",
                            "family": "reveluxlabs-site",
                            "id": "reveluxlabs-site",
                            "network_mode": "",
                            "revision": "2",
                            "task_role_arn": ""
                        },
                        "meta": {},
                        "tainted": false
                    },
                    "deposed": [],
                    "provider": ""
                },
                "aws_ecs_task_definition.sittingapp_webapp": {
                    "type": "aws_ecs_task_definition",
                    "depends_on": [],
                    "primary": {
                        "id": "sittingapp-webapp",
                        "attributes": {
                            "arn": "arn:aws:ecs:us-east-1:519885712119:task-definition/sittingapp-webapp:2",
                            "container_definitions": "9e3d82d99482af04a05cba70de3f0c68004bc663",
                            "family": "sittingapp-webapp",
                            "id": "sittingapp-webapp",
                            "network_mode": "",
                            "revision": "2",
                            "task_role_arn": ""
                        },
                        "meta": {},
                        "tainted": false
                    },
                    "deposed": [],
                    "provider": ""
                },
                "aws_ecs_task_definition.smart_machines_site": {
                    "type": "aws_ecs_task_definition",
                    "depends_on": [],
                    "primary": {
                        "id": "smart-machines-site",
                        "attributes": {
                            "arn": "arn:aws:ecs:us-east-1:519885712119:task-definition/smart-machines-site:2",
                            "container_definitions": "aaba8cfe8e1b87dc514ca66f64d78449e91a9656",
                            "family": "smart-machines-site",
                            "id": "smart-machines-site",
                            "network_mode": "",
                            "revision": "2",
                            "task_role_arn": ""
                        },
                        "meta": {},
                        "tainted": false
                    },
                    "deposed": [],
                    "provider": ""
                },
                "aws_elb.reveluxlabs_site": {
                    "type": "aws_elb",
                    "depends_on": [
                        "aws_security_group.reveluxlabs_site_elb"
                    ],
                    "primary": {
                        "id": "reveluxlabs-site",
                        "attributes": {
                            "access_logs.#": "0",
                            "availability_zones.#": "3",
                            "availability_zones.3551460226": "us-east-1e",
                            "availability_zones.3569565595": "us-east-1a",
                            "availability_zones.986537655": "us-east-1c",
                            "connection_draining": "false",
                            "connection_draining_timeout": "300",
                            "cross_zone_load_balancing": "true",
                            "dns_name": "reveluxlabs-site-273204270.us-east-1.elb.amazonaws.com",
                            "health_check.#": "1",
                            "health_check.0.healthy_threshold": "2",
                            "health_check.0.interval": "30",
                            "health_check.0.target": "HTTP:80/health",
                            "health_check.0.timeout": "5",
                            "health_check.0.unhealthy_threshold": "2",
                            "id": "reveluxlabs-site",
                            "idle_timeout": "60",
                            "instances.#": "1",
                            "instances.2637377079": "i-81c5e197",
                            "internal": "false",
                            "listener.#": "1",
                            "listener.3057123346.instance_port": "80",
                            "listener.3057123346.instance_protocol": "http",
                            "listener.3057123346.lb_port": "80",
                            "listener.3057123346.lb_protocol": "http",
                            "listener.3057123346.ssl_certificate_id": "",
                            "name": "reveluxlabs-site",
                            "security_groups.#": "1",
                            "security_groups.2086786354": "sg-df2a73a5",
                            "source_security_group": "519885712119/reveluxlabs-site-elb",
                            "source_security_group_id": "sg-df2a73a5",
                            "subnets.#": "3",
                            "subnets.3827345316": "subnet-d7c3dcfc",
                            "subnets.4285492812": "subnet-2faa2d12",
                            "subnets.520149563": "subnet-83fd10db",
                            "tags.%": "0",
                            "zone_id": "Z35SXDOTRQ7X7K"
                        },
                        "meta": {},
                        "tainted": false
                    },
                    "deposed": [],
                    "provider": ""
                },
                "aws_elb.sittingapp_webapp": {
                    "type": "aws_elb",
                    "depends_on": [
                        "aws_security_group.sittingapp_webapp_elb"
                    ],
                    "primary": {
                        "id": "sittingapp-webapp",
                        "attributes": {
                            "access_logs.#": "0",
                            "availability_zones.#": "3",
                            "availability_zones.3551460226": "us-east-1e",
                            "availability_zones.3569565595": "us-east-1a",
                            "availability_zones.986537655": "us-east-1c",
                            "connection_draining": "false",
                            "connection_draining_timeout": "300",
                            "cross_zone_load_balancing": "true",
                            "dns_name": "sittingapp-webapp-708694446.us-east-1.elb.amazonaws.com",
                            "health_check.#": "1",
                            "health_check.0.healthy_threshold": "2",
                            "health_check.0.interval": "30",
                            "health_check.0.target": "HTTP:80/health",
                            "health_check.0.timeout": "5",
                            "health_check.0.unhealthy_threshold": "2",
                            "id": "sittingapp-webapp",
                            "idle_timeout": "60",
                            "instances.#": "0",
                            "internal": "false",
                            "listener.#": "1",
                            "listener.3057123346.instance_port": "80",
                            "listener.3057123346.instance_protocol": "http",
                            "listener.3057123346.lb_port": "80",
                            "listener.3057123346.lb_protocol": "http",
                            "listener.3057123346.ssl_certificate_id": "",
                            "name": "sittingapp-webapp",
                            "security_groups.#": "1",
                            "security_groups.3075517231": "sg-dc2a73a6",
                            "source_security_group": "519885712119/sittingapp-webapp-elb",
                            "source_security_group_id": "sg-dc2a73a6",
                            "subnets.#": "3",
                            "subnets.3827345316": "subnet-d7c3dcfc",
                            "subnets.4285492812": "subnet-2faa2d12",
                            "subnets.520149563": "subnet-83fd10db",
                            "tags.%": "0",
                            "zone_id": "Z35SXDOTRQ7X7K"
                        },
                        "meta": {},
                        "tainted": false
                    },
                    "deposed": [],
                    "provider": ""
                },
                "aws_elb.smart_machines_site": {
                    "type": "aws_elb",
                    "depends_on": [
                        "aws_security_group.smart_machines_site_elb"
                    ],
                    "primary": {
                        "id": "smart-machines-site",
                        "attributes": {
                            "access_logs.#": "0",
                            "availability_zones.#": "3",
                            "availability_zones.3551460226": "us-east-1e",
                            "availability_zones.3569565595": "us-east-1a",
                            "availability_zones.986537655": "us-east-1c",
                            "connection_draining": "false",
                            "connection_draining_timeout": "300",
                            "cross_zone_load_balancing": "true",
                            "dns_name": "smart-machines-site-242803649.us-east-1.elb.amazonaws.com",
                            "health_check.#": "1",
                            "health_check.0.healthy_threshold": "2",
                            "health_check.0.interval": "30",
                            "health_check.0.target": "HTTP:80/health",
                            "health_check.0.timeout": "5",
                            "health_check.0.unhealthy_threshold": "2",
                            "id": "smart-machines-site",
                            "idle_timeout": "60",
                            "instances.#": "0",
                            "internal": "false",
                            "listener.#": "1",
                            "listener.3057123346.instance_port": "80",
                            "listener.3057123346.instance_protocol": "http",
                            "listener.3057123346.lb_port": "80",
                            "listener.3057123346.lb_protocol": "http",
                            "listener.3057123346.ssl_certificate_id": "",
                            "name": "smart-machines-site",
                            "security_groups.#": "1",
                            "security_groups.982449977": "sg-de2a73a4",
                            "source_security_group": "519885712119/smart-machines-site-elb",
                            "source_security_group_id": "sg-de2a73a4",
                            "subnets.#": "3",
                            "subnets.3827345316": "subnet-d7c3dcfc",
                            "subnets.4285492812": "subnet-2faa2d12",
                            "subnets.520149563": "subnet-83fd10db",
                            "tags.%": "0",
                            "zone_id": "Z35SXDOTRQ7X7K"
                        },
                        "meta": {},
                        "tainted": false
                    },
                    "deposed": [],
                    "provider": ""
                },
                "aws_iam_instance_profile.ecs_instance": {
                    "type": "aws_iam_instance_profile",
                    "depends_on": [
                        "aws_iam_role.ecs_instance"
                    ],
                    "primary": {
                        "id": "ecs-instance",
                        "attributes": {
                            "arn": "arn:aws:iam::519885712119:instance-profile/ecs-instance",
                            "id": "ecs-instance",
                            "name": "ecs-instance",
                            "path": "/",
                            "roles.#": "1",
                            "roles.1270880406": "ecs-instance"
                        },
                        "meta": {},
                        "tainted": false
                    },
                    "deposed": [],
                    "provider": ""
                },
                "aws_iam_role.ecs_instance": {
                    "type": "aws_iam_role",
                    "depends_on": [],
                    "primary": {
                        "id": "ecs-instance",
                        "attributes": {
                            "arn": "arn:aws:iam::519885712119:role/ecs-instance",
                            "assume_role_policy": "{\n  \"Version\": \"2008-10-17\",\n  \"Statement\": [\n    {\n      \"Sid\": \"\",\n      \"Effect\": \"Allow\",\n      \"Principal\": {\n        \"Service\": \"ec2.amazonaws.com\"\n      },\n      \"Action\": \"sts:AssumeRole\"\n    }\n  ]\n}\n",
                            "id": "ecs-instance",
                            "name": "ecs-instance",
                            "path": "/",
                            "unique_id": "AROAJPAS42TXCY5QPZYTG"
                        },
                        "meta": {},
                        "tainted": false
                    },
                    "deposed": [],
                    "provider": ""
                },
                "aws_iam_role.ecs_service_role": {
                    "type": "aws_iam_role",
                    "depends_on": [],
                    "primary": {
                        "id": "ecs-service-role",
                        "attributes": {
                            "arn": "arn:aws:iam::519885712119:role/ecs-service-role",
                            "assume_role_policy": "{\n  \"Version\": \"2008-10-17\",\n  \"Statement\": [\n    {\n      \"Sid\": \"\",\n      \"Effect\": \"Allow\",\n      \"Principal\": {\n        \"Service\": \"ecs.amazonaws.com\"\n      },\n      \"Action\": \"sts:AssumeRole\"\n    }\n  ]\n}\n",
                            "id": "ecs-service-role",
                            "name": "ecs-service-role",
                            "path": "/",
                            "unique_id": "AROAINS5GMMBEHIDVHVQS"
                        },
                        "meta": {},
                        "tainted": false
                    },
                    "deposed": [],
                    "provider": ""
                },
                "aws_iam_role_policy.ecs_cluster_permissions": {
                    "type": "aws_iam_role_policy",
                    "depends_on": [
                        "aws_iam_role.ecs_instance"
                    ],
                    "primary": {
                        "id": "ecs-instance:ecs-cluster-permissions",
                        "attributes": {
                            "id": "ecs-instance:ecs-cluster-permissions",
                            "name": "ecs-cluster-permissions",
                            "policy": "{\n  \"Version\": \"2012-10-17\",\n  \"Statement\": [\n    {\n      \"Effect\": \"Allow\",\n      \"Action\": [\n        \"ecs:CreateCluster\",\n        \"ecs:DeregisterContainerInstance\",\n        \"ecs:DiscoverPollEndpoint\",\n        \"ecs:Poll\",\n        \"ecs:RegisterContainerInstance\",\n        \"ecs:StartTelemetrySession\",\n        \"ecs:Submit*\",\n        \"ecr:GetAuthorizationToken\",\n        \"ecr:BatchCheckLayerAvailability\",\n        \"ecr:GetDownloadUrlForLayer\",\n        \"ecr:BatchGetImage\",\n        \"logs:CreateLogStream\",\n        \"logs:PutLogEvents\"\n      ],\n      \"Resource\": [\n        \"*\"\n      ]\n    }\n  ]\n}\n",
                            "role": "ecs-instance"
                        },
                        "meta": {},
                        "tainted": false
                    },
                    "deposed": [],
                    "provider": ""
                },
                "aws_iam_role_policy.ecs_service_policy": {
                    "type": "aws_iam_role_policy",
                    "depends_on": [
                        "aws_iam_role.ecs_service_role"
                    ],
                    "primary": {
                        "id": "ecs-service-role:ecs-service-policy",
                        "attributes": {
                            "id": "ecs-service-role:ecs-service-policy",
                            "name": "ecs-service-policy",
                            "policy": "{\n  \"Version\": \"2012-10-17\",\n  \"Statement\": [\n    {\n      \"Effect\": \"Allow\",\n      \"Action\": [\n        \"elasticloadbalancing:Describe*\",\n        \"elasticloadbalancing:DeregisterInstancesFromLoadBalancer\",\n        \"elasticloadbalancing:RegisterInstancesWithLoadBalancer\",\n        \"ec2:Describe*\",\n        \"ec2:AuthorizeSecurityGroupIngress\"\n      ],\n      \"Resource\": [\n        \"*\"\n      ]\n    }\n  ]\n}\n",
                            "role": "ecs-service-role"
                        },
                        "meta": {},
                        "tainted": false
                    },
                    "deposed": [],
                    "provider": ""
                },
                "aws_launch_configuration.ecs_instance": {
                    "type": "aws_launch_configuration",
                    "depends_on": [
                        "aws_ecs_cluster.reveluxlabs_ha_cluster",
                        "aws_iam_instance_profile.ecs_instance",
                        "aws_security_group.ecs_instance"
                    ],
                    "primary": {
                        "id": "ecs-instance-20161002155614856045566h4e",
                        "attributes": {
                            "associate_public_ip_address": "false",
                            "ebs_block_device.#": "0",
                            "ebs_optimized": "false",
                            "enable_monitoring": "true",
                            "ephemeral_block_device.#": "0",
                            "iam_instance_profile": "ecs-instance",
                            "id": "ecs-instance-20161002155614856045566h4e",
                            "image_id": "ami-55870742",
                            "instance_type": "t2.micro",
                            "key_name": "deploy-key-pair-useast1",
                            "name": "ecs-instance-20161002155614856045566h4e",
                            "name_prefix": "ecs-instance-",
                            "root_block_device.#": "0",
                            "security_groups.#": "1",
                            "security_groups.1084221785": "sg-d92a73a3",
                            "spot_price": "",
                            "user_data": "f5b23b154b8ea9024bb4dedfadbefb6c0a661be1",
                            "vpc_classic_link_id": "",
                            "vpc_classic_link_security_groups.#": "0"
                        },
                        "meta": {},
                        "tainted": false
                    },
                    "deposed": [],
                    "provider": ""
                },
                "aws_security_group.ecs_instance": {
                    "type": "aws_security_group",
                    "depends_on": [],
                    "primary": {
                        "id": "sg-d92a73a3",
                        "attributes": {
                            "description": "Security group for the EC2 instances in the ECS cluster",
                            "egress.#": "1",
                            "egress.482069346.cidr_blocks.#": "1",
                            "egress.482069346.cidr_blocks.0": "0.0.0.0/0",
                            "egress.482069346.from_port": "0",
                            "egress.482069346.prefix_list_ids.#": "0",
                            "egress.482069346.protocol": "-1",
                            "egress.482069346.security_groups.#": "0",
                            "egress.482069346.self": "false",
                            "egress.482069346.to_port": "0",
                            "id": "sg-d92a73a3",
                            "ingress.#": "2",
                            "ingress.2214680975.cidr_blocks.#": "1",
                            "ingress.2214680975.cidr_blocks.0": "0.0.0.0/0",
                            "ingress.2214680975.from_port": "80",
                            "ingress.2214680975.protocol": "tcp",
                            "ingress.2214680975.security_groups.#": "0",
                            "ingress.2214680975.self": "false",
                            "ingress.2214680975.to_port": "80",
                            "ingress.2541437006.cidr_blocks.#": "1",
                            "ingress.2541437006.cidr_blocks.0": "0.0.0.0/0",
                            "ingress.2541437006.from_port": "22",
                            "ingress.2541437006.protocol": "tcp",
                            "ingress.2541437006.security_groups.#": "0",
                            "ingress.2541437006.self": "false",
                            "ingress.2541437006.to_port": "22",
                            "name": "ecs-instance",
                            "owner_id": "519885712119",
                            "tags.%": "0",
                            "vpc_id": "vpc-63e67f07"
                        },
                        "meta": {},
                        "tainted": false
                    },
                    "deposed": [],
                    "provider": ""
                },
                "aws_security_group.reveluxlabs_site_elb": {
                    "type": "aws_security_group",
                    "depends_on": [],
                    "primary": {
                        "id": "sg-df2a73a5",
                        "attributes": {
                            "description": "The security group for the reveluxlabs-site ELB",
                            "egress.#": "1",
                            "egress.482069346.cidr_blocks.#": "1",
                            "egress.482069346.cidr_blocks.0": "0.0.0.0/0",
                            "egress.482069346.from_port": "0",
                            "egress.482069346.prefix_list_ids.#": "0",
                            "egress.482069346.protocol": "-1",
                            "egress.482069346.security_groups.#": "0",
                            "egress.482069346.self": "false",
                            "egress.482069346.to_port": "0",
                            "id": "sg-df2a73a5",
                            "ingress.#": "1",
                            "ingress.2214680975.cidr_blocks.#": "1",
                            "ingress.2214680975.cidr_blocks.0": "0.0.0.0/0",
                            "ingress.2214680975.from_port": "80",
                            "ingress.2214680975.protocol": "tcp",
                            "ingress.2214680975.security_groups.#": "0",
                            "ingress.2214680975.self": "false",
                            "ingress.2214680975.to_port": "80",
                            "name": "reveluxlabs-site-elb",
                            "owner_id": "519885712119",
                            "tags.%": "0",
                            "vpc_id": "vpc-63e67f07"
                        },
                        "meta": {},
                        "tainted": false
                    },
                    "deposed": [],
                    "provider": ""
                },
                "aws_security_group.sittingapp_webapp_elb": {
                    "type": "aws_security_group",
                    "depends_on": [],
                    "primary": {
                        "id": "sg-dc2a73a6",
                        "attributes": {
                            "description": "The security group for the sittingapp-webapp ELB",
                            "egress.#": "1",
                            "egress.482069346.cidr_blocks.#": "1",
                            "egress.482069346.cidr_blocks.0": "0.0.0.0/0",
                            "egress.482069346.from_port": "0",
                            "egress.482069346.prefix_list_ids.#": "0",
                            "egress.482069346.protocol": "-1",
                            "egress.482069346.security_groups.#": "0",
                            "egress.482069346.self": "false",
                            "egress.482069346.to_port": "0",
                            "id": "sg-dc2a73a6",
                            "ingress.#": "1",
                            "ingress.2214680975.cidr_blocks.#": "1",
                            "ingress.2214680975.cidr_blocks.0": "0.0.0.0/0",
                            "ingress.2214680975.from_port": "80",
                            "ingress.2214680975.protocol": "tcp",
                            "ingress.2214680975.security_groups.#": "0",
                            "ingress.2214680975.self": "false",
                            "ingress.2214680975.to_port": "80",
                            "name": "sittingapp-webapp-elb",
                            "owner_id": "519885712119",
                            "tags.%": "0",
                            "vpc_id": "vpc-63e67f07"
                        },
                        "meta": {},
                        "tainted": false
                    },
                    "deposed": [],
                    "provider": ""
                },
                "aws_security_group.smart_machines_site_elb": {
                    "type": "aws_security_group",
                    "depends_on": [],
                    "primary": {
                        "id": "sg-de2a73a4",
                        "attributes": {
                            "description": "The security group for the smart-machines-site ELB",
                            "egress.#": "1",
                            "egress.482069346.cidr_blocks.#": "1",
                            "egress.482069346.cidr_blocks.0": "0.0.0.0/0",
                            "egress.482069346.from_port": "0",
                            "egress.482069346.prefix_list_ids.#": "0",
                            "egress.482069346.protocol": "-1",
                            "egress.482069346.security_groups.#": "0",
                            "egress.482069346.self": "false",
                            "egress.482069346.to_port": "0",
                            "id": "sg-de2a73a4",
                            "ingress.#": "1",
                            "ingress.2214680975.cidr_blocks.#": "1",
                            "ingress.2214680975.cidr_blocks.0": "0.0.0.0/0",
                            "ingress.2214680975.from_port": "80",
                            "ingress.2214680975.protocol": "tcp",
                            "ingress.2214680975.security_groups.#": "0",
                            "ingress.2214680975.self": "false",
                            "ingress.2214680975.to_port": "80",
                            "name": "smart-machines-site-elb",
                            "owner_id": "519885712119",
                            "tags.%": "0",
                            "vpc_id": "vpc-63e67f07"
                        },
                        "meta": {},
                        "tainted": false
                    },
                    "deposed": [],
                    "provider": ""
                }
            },
            "depends_on": []
        }
    ]
}
